// !$*UTF8*$!
{
	archiveVersion = 1;
	classes = {
	};
	objectVersion = 50;
	objects = {

/* Begin PBXBuildFile section */
		2C27E08D24ADED3300C6BC77 /* AppDelegate.swift in Sources */ = {isa = PBXBuildFile; fileRef = 2C27E08C24ADED3300C6BC77 /* AppDelegate.swift */; };
		2C27E08F24ADED3300C6BC77 /* SceneDelegate.swift in Sources */ = {isa = PBXBuildFile; fileRef = 2C27E08E24ADED3300C6BC77 /* SceneDelegate.swift */; };
		2C27E09124ADED3300C6BC77 /* ViewController.swift in Sources */ = {isa = PBXBuildFile; fileRef = 2C27E09024ADED3300C6BC77 /* ViewController.swift */; };
		2C27E09624ADED3600C6BC77 /* Assets.xcassets in Resources */ = {isa = PBXBuildFile; fileRef = 2C27E09524ADED3600C6BC77 /* Assets.xcassets */; };
		2C27E09924ADED3600C6BC77 /* LaunchScreen.storyboard in Resources */ = {isa = PBXBuildFile; fileRef = 2C27E09724ADED3600C6BC77 /* LaunchScreen.storyboard */; };
		2C27E0A424ADED3600C6BC77 /* WiproTestTests.swift in Sources */ = {isa = PBXBuildFile; fileRef = 2C27E0A324ADED3600C6BC77 /* WiproTestTests.swift */; };
		2C27E0AF24ADED3600C6BC77 /* WiproTestUITests.swift in Sources */ = {isa = PBXBuildFile; fileRef = 2C27E0AE24ADED3600C6BC77 /* WiproTestUITests.swift */; };
/* End PBXBuildFile section */

/* Begin PBXContainerItemProxy section */
		2C27E0A024ADED3600C6BC77 /* PBXContainerItemProxy */ = {
			isa = PBXContainerItemProxy;
			containerPortal = 2C27E08124ADED3200C6BC77 /* Project object */;
			proxyType = 1;
			remoteGlobalIDString = 2C27E08824ADED3300C6BC77;
			remoteInfo = WiproTest;
		};
		2C27E0AB24ADED3600C6BC77 /* PBXContainerItemProxy */ = {
			isa = PBXContainerItemProxy;
			containerPortal = 2C27E08124ADED3200C6BC77 /* Project object */;
			proxyType = 1;
			remoteGlobalIDString = 2C27E08824ADED3300C6BC77;
			remoteInfo = WiproTest;
		};
/* End PBXContainerItemProxy section */

/* Begin PBXFileReference section */
		2C27E08924ADED3300C6BC77 /* WiproTest.app */ = {isa = PBXFileReference; explicitFileType = wrapper.application; includeInIndex = 0; path = WiproTest.app; sourceTree = BUILT_PRODUCTS_DIR; };
		2C27E08C24ADED3300C6BC77 /* AppDelegate.swift */ = {isa = PBXFileReference; lastKnownFileType = sourcecode.swift; path = AppDelegate.swift; sourceTree = "<group>"; };
		2C27E08E24ADED3300C6BC77 /* SceneDelegate.swift */ = {isa = PBXFileReference; lastKnownFileType = sourcecode.swift; path = SceneDelegate.swift; sourceTree = "<group>"; };
		2C27E09024ADED3300C6BC77 /* ViewController.swift */ = {isa = PBXFileReference; lastKnownFileType = sourcecode.swift; path = ViewController.swift; sourceTree = "<group>"; };
		2C27E09524ADED3600C6BC77 /* Assets.xcassets */ = {isa = PBXFileReference; lastKnownFileType = folder.assetcatalog; path = Assets.xcassets; sourceTree = "<group>"; };
		2C27E09824ADED3600C6BC77 /* Base */ = {isa = PBXFileReference; lastKnownFileType = file.storyboard; name = Base; path = Base.lproj/LaunchScreen.storyboard; sourceTree = "<group>"; };
		2C27E09A24ADED3600C6BC77 /* Info.plist */ = {isa = PBXFileReference; lastKnownFileType = text.plist.xml; path = Info.plist; sourceTree = "<group>"; };
		2C27E09F24ADED3600C6BC77 /* WiproTestTests.xctest */ = {isa = PBXFileReference; explicitFileType = wrapper.cfbundle; includeInIndex = 0; path = WiproTestTests.xctest; sourceTree = BUILT_PRODUCTS_DIR; };
		2C27E0A324ADED3600C6BC77 /* WiproTestTests.swift */ = {isa = PBXFileReference; lastKnownFileType = sourcecode.swift; path = WiproTestTests.swift; sourceTree = "<group>"; };
		2C27E0A524ADED3600C6BC77 /* Info.plist */ = {isa = PBXFileReference; lastKnownFileType = text.plist.xml; path = Info.plist; sourceTree = "<group>"; };
		2C27E0AA24ADED3600C6BC77 /* WiproTestUITests.xctest */ = {isa = PBXFileReference; explicitFileType = wrapper.cfbundle; includeInIndex = 0; path = WiproTestUITests.xctest; sourceTree = BUILT_PRODUCTS_DIR; };
		2C27E0AE24ADED3600C6BC77 /* WiproTestUITests.swift */ = {isa = PBXFileReference; lastKnownFileType = sourcecode.swift; path = WiproTestUITests.swift; sourceTree = "<group>"; };
		2C27E0B024ADED3600C6BC77 /* Info.plist */ = {isa = PBXFileReference; lastKnownFileType = text.plist.xml; path = Info.plist; sourceTree = "<group>"; };
/* End PBXFileReference section */

/* Begin PBXFrameworksBuildPhase section */
		2C27E08624ADED3300C6BC77 /* Frameworks */ = {
			isa = PBXFrameworksBuildPhase;
			buildActionMask = 2147483647;
			files = (
			);
			runOnlyForDeploymentPostprocessing = 0;
		};
		2C27E09C24ADED3600C6BC77 /* Frameworks */ = {
			isa = PBXFrameworksBuildPhase;
			buildActionMask = 2147483647;
			files = (
			);
			runOnlyForDeploymentPostprocessing = 0;
		};
		2C27E0A724ADED3600C6BC77 /* Frameworks */ = {
			isa = PBXFrameworksBuildPhase;
			buildActionMask = 2147483647;
			files = (
			);
			runOnlyForDeploymentPostprocessing = 0;
		};
/* End PBXFrameworksBuildPhase section */

/* Begin PBXGroup section */
		2C27E08024ADED3200C6BC77 = {
			isa = PBXGroup;
			children = (
				2C27E08B24ADED3300C6BC77 /* WiproTest */,
				2C27E0A224ADED3600C6BC77 /* WiproTestTests */,
				2C27E0AD24ADED3600C6BC77 /* WiproTestUITests */,
				2C27E08A24ADED3300C6BC77 /* Products */,
			);
			sourceTree = "<group>";
		};
		2C27E08A24ADED3300C6BC77 /* Products */ = {
			isa = PBXGroup;
			children = (
				2C27E08924ADED3300C6BC77 /* WiproTest.app */,
				2C27E09F24ADED3600C6BC77 /* WiproTestTests.xctest */,
				2C27E0AA24ADED3600C6BC77 /* WiproTestUITests.xctest */,
			);
			name = Products;
			sourceTree = "<group>";
		};
		2C27E08B24ADED3300C6BC77 /* WiproTest */ = {
			isa = PBXGroup;
			children = (
				2C27E08C24ADED3300C6BC77 /* AppDelegate.swift */,
				2C27E08E24ADED3300C6BC77 /* SceneDelegate.swift */,
				2C27E09024ADED3300C6BC77 /* ViewController.swift */,
				2C27E09524ADED3600C6BC77 /* Assets.xcassets */,
				2C27E09724ADED3600C6BC77 /* LaunchScreen.storyboard */,
				2C27E09A24ADED3600C6BC77 /* Info.plist */,
			);
			path = WiproTest;
			sourceTree = "<group>";
		};
		2C27E0A224ADED3600C6BC77 /* WiproTestTests */ = {
			isa = PBXGroup;
			children = (
				2C27E0A324ADED3600C6BC77 /* WiproTestTests.swift */,
				2C27E0A524ADED3600C6BC77 /* Info.plist */,
			);
			path = WiproTestTests;
			sourceTree = "<group>";
		};
		2C27E0AD24ADED3600C6BC77 /* WiproTestUITests */ = {
			isa = PBXGroup;
			children = (
				2C27E0AE24ADED3600C6BC77 /* WiproTestUITests.swift */,
				2C27E0B024ADED3600C6BC77 /* Info.plist */,
			);
			path = WiproTestUITests;
			sourceTree = "<group>";
		};
/* End PBXGroup section */

/* Begin PBXNativeTarget section */
		2C27E08824ADED3300C6BC77 /* WiproTest */ = {
			isa = PBXNativeTarget;
			buildConfigurationList = 2C27E0B324ADED3600C6BC77 /* Build configuration list for PBXNativeTarget "WiproTest" */;
			buildPhases = (
				2C27E08524ADED3300C6BC77 /* Sources */,
				2C27E08624ADED3300C6BC77 /* Frameworks */,
				2C27E08724ADED3300C6BC77 /* Resources */,
			);
			buildRules = (
			);
			dependencies = (
			);
			name = WiproTest;
			productName = WiproTest;
			productReference = 2C27E08924ADED3300C6BC77 /* WiproTest.app */;
			productType = "com.apple.product-type.application";
		};
		2C27E09E24ADED3600C6BC77 /* WiproTestTests */ = {
			isa = PBXNativeTarget;
			buildConfigurationList = 2C27E0B624ADED3600C6BC77 /* Build configuration list for PBXNativeTarget "WiproTestTests" */;
			buildPhases = (
				2C27E09B24ADED3600C6BC77 /* Sources */,
				2C27E09C24ADED3600C6BC77 /* Frameworks */,
				2C27E09D24ADED3600C6BC77 /* Resources */,
			);
			buildRules = (
			);
			dependencies = (
				2C27E0A124ADED3600C6BC77 /* PBXTargetDependency */,
			);
			name = WiproTestTests;
			productName = WiproTestTests;
			productReference = 2C27E09F24ADED3600C6BC77 /* WiproTestTests.xctest */;
			productType = "com.apple.product-type.bundle.unit-test";
		};
		2C27E0A924ADED3600C6BC77 /* WiproTestUITests */ = {
			isa = PBXNativeTarget;
			buildConfigurationList = 2C27E0B924ADED3600C6BC77 /* Build configuration list for PBXNativeTarget "WiproTestUITests" */;
			buildPhases = (
				2C27E0A624ADED3600C6BC77 /* Sources */,
				2C27E0A724ADED3600C6BC77 /* Frameworks */,
				2C27E0A824ADED3600C6BC77 /* Resources */,
			);
			buildRules = (
			);
			dependencies = (
				2C27E0AC24ADED3600C6BC77 /* PBXTargetDependency */,
			);
			name = WiproTestUITests;
			productName = WiproTestUITests;
			productReference = 2C27E0AA24ADED3600C6BC77 /* WiproTestUITests.xctest */;
			productType = "com.apple.product-type.bundle.ui-testing";
		};
/* End PBXNativeTarget section */

/* Begin PBXProject section */
		2C27E08124ADED3200C6BC77 /* Project object */ = {
			isa = PBXProject;
			attributes = {
				LastSwiftUpdateCheck = 1120;
				LastUpgradeCheck = 1120;
				ORGANIZATIONNAME = Raidu;
				TargetAttributes = {
					2C27E08824ADED3300C6BC77 = {
						CreatedOnToolsVersion = 11.2.1;
					};
					2C27E09E24ADED3600C6BC77 = {
						CreatedOnToolsVersion = 11.2.1;
						TestTargetID = 2C27E08824ADED3300C6BC77;
					};
					2C27E0A924ADED3600C6BC77 = {
						CreatedOnToolsVersion = 11.2.1;
						TestTargetID = 2C27E08824ADED3300C6BC77;
					};
				};
			};
			buildConfigurationList = 2C27E08424ADED3300C6BC77 /* Build configuration list for PBXProject "WiproTest" */;
			compatibilityVersion = "Xcode 9.3";
			developmentRegion = en;
			hasScannedForEncodings = 0;
			knownRegions = (
				en,
				Base,
			);
			mainGroup = 2C27E08024ADED3200C6BC77;
			productRefGroup = 2C27E08A24ADED3300C6BC77 /* Products */;
			projectDirPath = "";
			projectRoot = "";
			targets = (
				2C27E08824ADED3300C6BC77 /* WiproTest */,
				2C27E09E24ADED3600C6BC77 /* WiproTestTests */,
				2C27E0A924ADED3600C6BC77 /* WiproTestUITests */,
			);
		};
/* End PBXProject section */

/* Begin PBXResourcesBuildPhase section */
		2C27E08724ADED3300C6BC77 /* Resources */ = {
			isa = PBXResourcesBuildPhase;
			buildActionMask = 2147483647;
			files = (
				2C27E09924ADED3600C6BC77 /* LaunchScreen.storyboard in Resources */,
				2C27E09624ADED3600C6BC77 /* Assets.xcassets in Resources */,
			);
			runOnlyForDeploymentPostprocessing = 0;
		};
		2C27E09D24ADED3600C6BC77 /* Resources */ = {
			isa = PBXResourcesBuildPhase;
			buildActionMask = 2147483647;
			files = (
			);
			runOnlyForDeploymentPostprocessing = 0;
		};
		2C27E0A824ADED3600C6BC77 /* Resources */ = {
			isa = PBXResourcesBuildPhase;
			buildActionMask = 2147483647;
			files = (
			);
			runOnlyForDeploymentPostprocessing = 0;
		};
/* End PBXResourcesBuildPhase section */

/* Begin PBXSourcesBuildPhase section */
		2C27E08524ADED3300C6BC77 /* Sources */ = {
			isa = PBXSourcesBuildPhase;
			buildActionMask = 2147483647;
			files = (
				2C27E09124ADED3300C6BC77 /* ViewController.swift in Sources */,
				2C27E08D24ADED3300C6BC77 /* AppDelegate.swift in Sources */,
				2C27E08F24ADED3300C6BC77 /* SceneDelegate.swift in Sources */,
			);
			runOnlyForDeploymentPostprocessing = 0;
		};
		2C27E09B24ADED3600C6BC77 /* Sources */ = {
			isa = PBXSourcesBuildPhase;
			buildActionMask = 2147483647;
			files = (
				2C27E0A424ADED3600C6BC77 /* WiproTestTests.swift in Sources */,
			);
			runOnlyForDeploymentPostprocessing = 0;
		};
		2C27E0A624ADED3600C6BC77 /* Sources */ = {
			isa = PBXSourcesBuildPhase;
			buildActionMask = 2147483647;
			files = (
				2C27E0AF24ADED3600C6BC77 /* WiproTestUITests.swift in Sources */,
			);
			runOnlyForDeploymentPostprocessing = 0;
		};
/* End PBXSourcesBuildPhase section */

/* Begin PBXTargetDependency section */
		2C27E0A124ADED3600C6BC77 /* PBXTargetDependency */ = {
			isa = PBXTargetDependency;
			target = 2C27E08824ADED3300C6BC77 /* WiproTest */;
			targetProxy = 2C27E0A024ADED3600C6BC77 /* PBXContainerItemProxy */;
		};
		2C27E0AC24ADED3600C6BC77 /* PBXTargetDependency */ = {
			isa = PBXTargetDependency;
			target = 2C27E08824ADED3300C6BC77 /* WiproTest */;
			targetProxy = 2C27E0AB24ADED3600C6BC77 /* PBXContainerItemProxy */;
		};
/* End PBXTargetDependency section */

/* Begin PBXVariantGroup section */
		2C27E09724ADED3600C6BC77 /* LaunchScreen.storyboard */ = {
			isa = PBXVariantGroup;
			children = (
				2C27E09824ADED3600C6BC77 /* Base */,
			);
			name = LaunchScreen.storyboard;
			sourceTree = "<group>";
		};
/* End PBXVariantGroup section */

/* Begin XCBuildConfiguration section */
		2C27E0B124ADED3600C6BC77 /* Debug */ = {
			isa = XCBuildConfiguration;
			buildSettings = {
				ALWAYS_SEARCH_USER_PATHS = NO;
				CLANG_ANALYZER_NONNULL = YES;
				CLANG_ANALYZER_NUMBER_OBJECT_CONVERSION = YES_AGGRESSIVE;
				CLANG_CXX_LANGUAGE_STANDARD = "gnu++14";
				CLANG_CXX_LIBRARY = "libc++";
				CLANG_ENABLE_MODULES = YES;
				CLANG_ENABLE_OBJC_ARC = YES;
				CLANG_ENABLE_OBJC_WEAK = YES;
				CLANG_WARN_BLOCK_CAPTURE_AUTORELEASING = YES;
				CLANG_WARN_BOOL_CONVERSION = YES;
				CLANG_WARN_COMMA = YES;
				CLANG_WARN_CONSTANT_CONVERSION = YES;
				CLANG_WARN_DEPRECATED_OBJC_IMPLEMENTATIONS = YES;
				CLANG_WARN_DIRECT_OBJC_ISA_USAGE = YES_ERROR;
				CLANG_WARN_DOCUMENTATION_COMMENTS = YES;
				CLANG_WARN_EMPTY_BODY = YES;
				CLANG_WARN_ENUM_CONVERSION = YES;
				CLANG_WARN_INFINITE_RECURSION = YES;
				CLANG_WARN_INT_CONVERSION = YES;
				CLANG_WARN_NON_LITERAL_NULL_CONVERSION = YES;
				CLANG_WARN_OBJC_IMPLICIT_RETAIN_SELF = YES;
				CLANG_WARN_OBJC_LITERAL_CONVERSION = YES;
				CLANG_WARN_OBJC_ROOT_CLASS = YES_ERROR;
				CLANG_WARN_RANGE_LOOP_ANALYSIS = YES;
				CLANG_WARN_STRICT_PROTOTYPES = YES;
				CLANG_WARN_SUSPICIOUS_MOVE = YES;
				CLANG_WARN_UNGUARDED_AVAILABILITY = YES_AGGRESSIVE;
				CLANG_WARN_UNREACHABLE_CODE = YES;
				CLANG_WARN__DUPLICATE_METHOD_MATCH = YES;
				COPY_PHASE_STRIP = NO;
				DEBUG_INFORMATION_FORMAT = dwarf;
				ENABLE_STRICT_OBJC_MSGSEND = YES;
				ENABLE_TESTABILITY = YES;
				GCC_C_LANGUAGE_STANDARD = gnu11;
				GCC_DYNAMIC_NO_PIC = NO;
				GCC_NO_COMMON_BLOCKS = YES;
				GCC_OPTIMIZATION_LEVEL = 0;
				GCC_PREPROCESSOR_DEFINITIONS = (
					"DEBUG=1",
					"$(inherited)",
				);
				GCC_WARN_64_TO_32_BIT_CONVERSION = YES;
				GCC_WARN_ABOUT_RETURN_TYPE = YES_ERROR;
				GCC_WARN_UNDECLARED_SELECTOR = YES;
				GCC_WARN_UNINITIALIZED_AUTOS = YES_AGGRESSIVE;
				GCC_WARN_UNUSED_FUNCTION = YES;
				GCC_WARN_UNUSED_VARIABLE = YES;
				IPHONEOS_DEPLOYMENT_TARGET = 13.2;
				MTL_ENABLE_DEBUG_INFO = INCLUDE_SOURCE;
				MTL_FAST_MATH = YES;
				ONLY_ACTIVE_ARCH = YES;
				SDKROOT = iphoneos;
				SWIFT_ACTIVE_COMPILATION_CONDITIONS = DEBUG;
				SWIFT_OPTIMIZATION_LEVEL = "-Onone";
			};
			name = Debug;
		};
		2C27E0B224ADED3600C6BC77 /* Release */ = {
			isa = XCBuildConfiguration;
			buildSettings = {
				ALWAYS_SEARCH_USER_PATHS = NO;
				CLANG_ANALYZER_NONNULL = YES;
				CLANG_ANALYZER_NUMBER_OBJECT_CONVERSION = YES_AGGRESSIVE;
				CLANG_CXX_LANGUAGE_STANDARD = "gnu++14";
				CLANG_CXX_LIBRARY = "libc++";
				CLANG_ENABLE_MODULES = YES;
				CLANG_ENABLE_OBJC_ARC = YES;
				CLANG_ENABLE_OBJC_WEAK = YES;
				CLANG_WARN_BLOCK_CAPTURE_AUTORELEASING = YES;
				CLANG_WARN_BOOL_CONVERSION = YES;
				CLANG_WARN_COMMA = YES;
				CLANG_WARN_CONSTANT_CONVERSION = YES;
				CLANG_WARN_DEPRECATED_OBJC_IMPLEMENTATIONS = YES;
				CLANG_WARN_DIRECT_OBJC_ISA_USAGE = YES_ERROR;
				CLANG_WARN_DOCUMENTATION_COMMENTS = YES;
				CLANG_WARN_EMPTY_BODY = YES;
				CLANG_WARN_ENUM_CONVERSION = YES;
				CLANG_WARN_INFINITE_RECURSION = YES;
				CLANG_WARN_INT_CONVERSION = YES;
				CLANG_WARN_NON_LITERAL_NULL_CONVERSION = YES;
				CLANG_WARN_OBJC_IMPLICIT_RETAIN_SELF = YES;
				CLANG_WARN_OBJC_LITERAL_CONVERSION = YES;
				CLANG_WARN_OBJC_ROOT_CLASS = YES_ERROR;
				CLANG_WARN_RANGE_LOOP_ANALYSIS = YES;
				CLANG_WARN_STRICT_PROTOTYPES = YES;
				CLANG_WARN_SUSPICIOUS_MOVE = YES;
				CLANG_WARN_UNGUARDED_AVAILABILITY = YES_AGGRESSIVE;
				CLANG_WARN_UNREACHABLE_CODE = YES;
				CLANG_WARN__DUPLICATE_METHOD_MATCH = YES;
				COPY_PHASE_STRIP = NO;
				DEBUG_INFORMATION_FORMAT = "dwarf-with-dsym";
				ENABLE_NS_ASSERTIONS = NO;
				ENABLE_STRICT_OBJC_MSGSEND = YES;
				GCC_C_LANGUAGE_STANDARD = gnu11;
				GCC_NO_COMMON_BLOCKS = YES;
				GCC_WARN_64_TO_32_BIT_CONVERSION = YES;
				GCC_WARN_ABOUT_RETURN_TYPE = YES_ERROR;
				GCC_WARN_UNDECLARED_SELECTOR = YES;
				GCC_WARN_UNINITIALIZED_AUTOS = YES_AGGRESSIVE;
				GCC_WARN_UNUSED_FUNCTION = YES;
				GCC_WARN_UNUSED_VARIABLE = YES;
				IPHONEOS_DEPLOYMENT_TARGET = 13.2;
				MTL_ENABLE_DEBUG_INFO = NO;
				MTL_FAST_MATH = YES;
				SDKROOT = iphoneos;
				SWIFT_COMPILATION_MODE = wholemodule;
				SWIFT_OPTIMIZATION_LEVEL = "-O";
				VALIDATE_PRODUCT = YES;
			};
			name = Release;
		};
		2C27E0B424ADED3600C6BC77 /* Debug */ = {
			isa = XCBuildConfiguration;
			buildSettings = {
				ASSETCATALOG_COMPILER_APPICON_NAME = AppIcon;
				CODE_SIGN_STYLE = Automatic;
				INFOPLIST_FILE = WiproTest/Info.plist;
				LD_RUNPATH_SEARCH_PATHS = (
					"$(inherited)",
					"@executable_path/Frameworks",
				);
				PRODUCT_BUNDLE_IDENTIFIER = com.raidu.WiproTest;
				PRODUCT_NAME = "$(TARGET_NAME)";
				SWIFT_VERSION = 5.0;
				TARGETED_DEVICE_FAMILY = "1,2";
			};
			name = Debug;
		};
		2C27E0B524ADED3600C6BC77 /* Release */ = {
			isa = XCBuildConfiguration;
			buildSettings = {
				ASSETCATALOG_COMPILER_APPICON_NAME = AppIcon;
				CODE_SIGN_STYLE = Automatic;
				INFOPLIST_FILE = WiproTest/Info.plist;
				LD_RUNPATH_SEARCH_PATHS = (
					"$(inherited)",
					"@executable_path/Frameworks",
				);
				PRODUCT_BUNDLE_IDENTIFIER = com.raidu.WiproTest;
				PRODUCT_NAME = "$(TARGET_NAME)";
				SWIFT_VERSION = 5.0;
				TARGETED_DEVICE_FAMILY = "1,2";
			};
			name = Release;
		};
		2C27E0B724ADED3600C6BC77 /* Debug */ = {
			isa = XCBuildConfiguration;
			buildSettings = {
				ALWAYS_EMBED_SWIFT_STANDARD_LIBRARIES = YES;
				BUNDLE_LOADER = "$(TEST_HOST)";
				CODE_SIGN_STYLE = Automatic;
				INFOPLIST_FILE = WiproTestTests/Info.plist;
				IPHONEOS_DEPLOYMENT_TARGET = 13.2;
				LD_RUNPATH_SEARCH_PATHS = (
					"$(inherited)",
					"@executable_path/Frameworks",
					"@loader_path/Frameworks",
				);
				PRODUCT_BUNDLE_IDENTIFIER = com.raidu.WiproTestTests;
				PRODUCT_NAME = "$(TARGET_NAME)";
				SWIFT_VERSION = 5.0;
				TARGETED_DEVICE_FAMILY = "1,2";
				TEST_HOST = "$(BUILT_PRODUCTS_DIR)/WiproTest.app/WiproTest";
			};
			name = Debug;
		};
		2C27E0B824ADED3600C6BC77 /* Release */ = {
			isa = XCBuildConfiguration;
			buildSettings = {
				ALWAYS_EMBED_SWIFT_STANDARD_LIBRARIES = YES;
				BUNDLE_LOADER = "$(TEST_HOST)";
				CODE_SIGN_STYLE = Automatic;
				INFOPLIST_FILE = WiproTestTests/Info.plist;
				IPHONEOS_DEPLOYMENT_TARGET = 13.2;
				LD_RUNPATH_SEARCH_PATHS = (
					"$(inherited)",
					"@executable_path/Frameworks",
					"@loader_path/Frameworks",
				);
				PRODUCT_BUNDLE_IDENTIFIER = com.raidu.WiproTestTests;
				PRODUCT_NAME = "$(TARGET_NAME)";
				SWIFT_VERSION = 5.0;
				TARGETED_DEVICE_FAMILY = "1,2";
				TEST_HOST = "$(BUILT_PRODUCTS_DIR)/WiproTest.app/WiproTest";
			};
			name = Release;
		};
		2C27E0BA24ADED3600C6BC77 /* Debug */ = {
			isa = XCBuildConfiguration;
			buildSettings = {
				ALWAYS_EMBED_SWIFT_STANDARD_LIBRARIES = YES;
				CODE_SIGN_STYLE = Automatic;
				INFOPLIST_FILE = WiproTestUITests/Info.plist;
				LD_RUNPATH_SEARCH_PATHS = (
					"$(inherited)",
					"@executable_path/Frameworks",
					"@loader_path/Frameworks",
				);
				PRODUCT_BUNDLE_IDENTIFIER = com.raidu.WiproTestUITests;
				PRODUCT_NAME = "$(TARGET_NAME)";
				SWIFT_VERSION = 5.0;
				TARGETED_DEVICE_FAMILY = "1,2";
				TEST_TARGET_NAME = WiproTest;
			};
			name = Debug;
		};
		2C27E0BB24ADED3600C6BC77 /* Release */ = {
			isa = XCBuildConfiguration;
			buildSettings = {
				ALWAYS_EMBED_SWIFT_STANDARD_LIBRARIES = YES;
				CODE_SIGN_STYLE = Automatic;
				INFOPLIST_FILE = WiproTestUITests/Info.plist;
				LD_RUNPATH_SEARCH_PATHS = (
					"$(inherited)",
					"@executable_path/Frameworks",
					"@loader_path/Frameworks",
				);
				PRODUCT_BUNDLE_IDENTIFIER = com.raidu.WiproTestUITests;
				PRODUCT_NAME = "$(TARGET_NAME)";
				SWIFT_VERSION = 5.0;
				TARGETED_DEVICE_FAMILY = "1,2";
				TEST_TARGET_NAME = WiproTest;
			};
			name = Release;
		};
/* End XCBuildConfiguration section */

/* Begin XCConfigurationList section */
		2C27E08424ADED3300C6BC77 /* Build configuration list for PBXProject "WiproTest" */ = {
			isa = XCConfigurationList;
			buildConfigurations = (
				2C27E0B124ADED3600C6BC77 /* Debug */,
				2C27E0B224ADED3600C6BC77 /* Release */,
			);
			defaultConfigurationIsVisible = 0;
			defaultConfigurationName = Release;
		};
		2C27E0B324ADED3600C6BC77 /* Build configuration list for PBXNativeTarget "WiproTest" */ = {
			isa = XCConfigurationList;
			buildConfigurations = (
				2C27E0B424ADED3600C6BC77 /* Debug */,
				2C27E0B524ADED3600C6BC77 /* Release */,
			);
			defaultConfigurationIsVisible = 0;
			defaultConfigurationName = Release;
		};
		2C27E0B624ADED3600C6BC77 /* Build configuration list for PBXNativeTarget "WiproTestTests" */ = {
			isa = XCConfigurationList;
			buildConfigurations = (
				2C27E0B724ADED3600C6BC77 /* Debug */,
				2C27E0B824ADED3600C6BC77 /* Release */,
			);
			defaultConfigurationIsVisible = 0;
			defaultConfigurationName = Release;
		};
		2C27E0B924ADED3600C6BC77 /* Build configuration list for PBXNativeTarget "WiproTestUITests" */ = {
			isa = XCConfigurationList;
			buildConfigurations = (
				2C27E0BA24ADED3600C6BC77 /* Debug */,
				2C27E0BB24ADED3600C6BC77 /* Release */,
			);
			defaultConfigurationIsVisible = 0;
			defaultConfigurationName = Release;
		};
/* End XCConfigurationList section */
	};
	rootObject = 2C27E08124ADED3200C6BC77 /* Project object */;
}
